
Microsoft Visual Studio Solution File, Format Version 12.00
# Visual Studio Version 16
VisualStudioVersion = 16.0.29201.188
MinimumVisualStudioVersion = 10.0.40219.1
Project("{FAE04EC0-301F-11D3-BF4B-00C04F79EFBC}") = "MyProject", "MyProject\MyProject.csproj", "{E1BF739F-22E2-42B6-822D-6F7B59E6C22C}"
EndProject
Project("{2150E333-8FDC-42A3-9474-1A3956D46DE8}") = "Presentations", "Presentations", "{E4E3A4FB-7DEA-4DCF-B846-136C35B3BC3B}"
EndProject
Project("{2150E333-8FDC-42A3-9474-1A3956D46DE8}") = "ApiServices", "ApiServices", "{109EAB9B-B6C2-43EA-B1D9-4FDC01844963}"
EndProject
Project("{2150E333-8FDC-42A3-9474-1A3956D46DE8}") = "Common", "Common", "{649A5005-6257-4BB9-8F93-A48E2C9F009A}"
EndProject
Project("{2150E333-8FDC-42A3-9474-1A3956D46DE8}") = "DataAccessLayer", "DataAccessLayer", "{19D48C66-6F15-4C01-85C9-A127607BF5CC}"
EndProject
Project("{FAE04EC0-301F-11D3-BF4B-00C04F79EFBC}") = "MyProject.Models", "MyProject.Models\MyProject.Models.csproj", "{1F86D9E9-E798-4E9F-B772-2A9822FDD43D}"
EndProject
Project("{FAE04EC0-301F-11D3-BF4B-00C04F79EFBC}") = "MyProject.Core", "MyProject.Core\MyProject.Core.csproj", "{F4D6DA21-2463-43B9-8205-6A45DD8141C4}"
EndProject
Project("{FAE04EC0-301F-11D3-BF4B-00C04F79EFBC}") = "MyProject.DAL", "MyProject.DAL\MyProject.DAL.csproj", "{A728B205-578C-430E-8212-282D140E3C15}"
EndProject
Project("{2150E333-8FDC-42A3-9474-1A3956D46DE8}") = "UnitTest", "UnitTest", "{3171671F-8531-4A8C-AB76-F17DE4D6490A}"
EndProject
Project("{FAE04EC0-301F-11D3-BF4B-00C04F79EFBC}") = "TestConsoleApp", "TestConsoleApp\TestConsoleApp.csproj", "{C6F0B75F-C6AE-4796-AAB2-10A19F86AEBC}"
EndProject
Project("{FAE04EC0-301F-11D3-BF4B-00C04F79EFBC}") = "MyProject.BusinessLogic", "MyProject.BusinessLogic\MyProject.BusinessLogic.csproj", "{43289C95-6931-439F-BCCF-412795B88FC2}"
EndProject
Project("{FAE04EC0-301F-11D3-BF4B-00C04F79EFBC}") = "MyProject.WebAPI", "MyProject.WebAPI\MyProject.WebAPI.csproj", "{1FD706CA-34FD-4465-B3F1-9829A071FADE}"
EndProject
Global
	GlobalSection(SolutionConfigurationPlatforms) = preSolution
		Debug|Any CPU = Debug|Any CPU
		Release|Any CPU = Release|Any CPU
	EndGlobalSection
	GlobalSection(ProjectConfigurationPlatforms) = postSolution
		{E1BF739F-22E2-42B6-822D-6F7B59E6C22C}.Debug|Any CPU.ActiveCfg = Debug|Any CPU
		{E1BF739F-22E2-42B6-822D-6F7B59E6C22C}.Debug|Any CPU.Build.0 = Debug|Any CPU
		{E1BF739F-22E2-42B6-822D-6F7B59E6C22C}.Release|Any CPU.ActiveCfg = Release|Any CPU
		{E1BF739F-22E2-42B6-822D-6F7B59E6C22C}.Release|Any CPU.Build.0 = Release|Any CPU
		{1F86D9E9-E798-4E9F-B772-2A9822FDD43D}.Debug|Any CPU.ActiveCfg = Debug|Any CPU
		{1F86D9E9-E798-4E9F-B772-2A9822FDD43D}.Debug|Any CPU.Build.0 = Debug|Any CPU
		{1F86D9E9-E798-4E9F-B772-2A9822FDD43D}.Release|Any CPU.ActiveCfg = Release|Any CPU
		{1F86D9E9-E798-4E9F-B772-2A9822FDD43D}.Release|Any CPU.Build.0 = Release|Any CPU
		{F4D6DA21-2463-43B9-8205-6A45DD8141C4}.Debug|Any CPU.ActiveCfg = Debug|Any CPU
		{F4D6DA21-2463-43B9-8205-6A45DD8141C4}.Debug|Any CPU.Build.0 = Debug|Any CPU
		{F4D6DA21-2463-43B9-8205-6A45DD8141C4}.Release|Any CPU.ActiveCfg = Release|Any CPU
		{F4D6DA21-2463-43B9-8205-6A45DD8141C4}.Release|Any CPU.Build.0 = Release|Any CPU
		{A728B205-578C-430E-8212-282D140E3C15}.Debug|Any CPU.ActiveCfg = Debug|Any CPU
		{A728B205-578C-430E-8212-282D140E3C15}.Debug|Any CPU.Build.0 = Debug|Any CPU
		{A728B205-578C-430E-8212-282D140E3C15}.Release|Any CPU.ActiveCfg = Release|Any CPU
		{A728B205-578C-430E-8212-282D140E3C15}.Release|Any CPU.Build.0 = Release|Any CPU
		{C6F0B75F-C6AE-4796-AAB2-10A19F86AEBC}.Debug|Any CPU.ActiveCfg = Debug|Any CPU
		{C6F0B75F-C6AE-4796-AAB2-10A19F86AEBC}.Debug|Any CPU.Build.0 = Debug|Any CPU
		{C6F0B75F-C6AE-4796-AAB2-10A19F86AEBC}.Release|Any CPU.ActiveCfg = Release|Any CPU
		{C6F0B75F-C6AE-4796-AAB2-10A19F86AEBC}.Release|Any CPU.Build.0 = Release|Any CPU
		{43289C95-6931-439F-BCCF-412795B88FC2}.Debug|Any CPU.ActiveCfg = Debug|Any CPU
		{43289C95-6931-439F-BCCF-412795B88FC2}.Debug|Any CPU.Build.0 = Debug|Any CPU
		{43289C95-6931-439F-BCCF-412795B88FC2}.Release|Any CPU.ActiveCfg = Release|Any CPU
		{43289C95-6931-439F-BCCF-412795B88FC2}.Release|Any CPU.Build.0 = Release|Any CPU
		{1FD706CA-34FD-4465-B3F1-9829A071FADE}.Debug|Any CPU.ActiveCfg = Debug|Any CPU
		{1FD706CA-34FD-4465-B3F1-9829A071FADE}.Debug|Any CPU.Build.0 = Debug|Any CPU
		{1FD706CA-34FD-4465-B3F1-9829A071FADE}.Release|Any CPU.ActiveCfg = Release|Any CPU
		{1FD706CA-34FD-4465-B3F1-9829A071FADE}.Release|Any CPU.Build.0 = Release|Any CPU
	EndGlobalSection
	GlobalSection(SolutionProperties) = preSolution
		HideSolutionNode = FALSE
	EndGlobalSection
	GlobalSection(NestedProjects) = preSolution
		{E1BF739F-22E2-42B6-822D-6F7B59E6C22C} = {E4E3A4FB-7DEA-4DCF-B846-136C35B3BC3B}
		{1F86D9E9-E798-4E9F-B772-2A9822FDD43D} = {649A5005-6257-4BB9-8F93-A48E2C9F009A}
		{F4D6DA21-2463-43B9-8205-6A45DD8141C4} = {649A5005-6257-4BB9-8F93-A48E2C9F009A}
		{A728B205-578C-430E-8212-282D140E3C15} = {19D48C66-6F15-4C01-85C9-A127607BF5CC}
		{C6F0B75F-C6AE-4796-AAB2-10A19F86AEBC} = {3171671F-8531-4A8C-AB76-F17DE4D6490A}
		{43289C95-6931-439F-BCCF-412795B88FC2} = {19D48C66-6F15-4C01-85C9-A127607BF5CC}
		{1FD706CA-34FD-4465-B3F1-9829A071FADE} = {109EAB9B-B6C2-43EA-B1D9-4FDC01844963}
	EndGlobalSection
	GlobalSection(ExtensibilityGlobals) = postSolution
		SolutionGuid = {717FBC36-72A3-4643-B59E-0A48631C5E17}
	EndGlobalSection
EndGlobal
